
Microsoft Visual Studio Solution File, Format Version 12.00
# Visual Studio Version 17
VisualStudioVersion = 17.5.33530.505
MinimumVisualStudioVersion = 10.0.40219.1
Project("{FAE04EC0-301F-11D3-BF4B-00C04F79EFBC}") = "ConsoleApp1", "ConsoleApp1.csproj", "{6B938485-B09B-499A-BE1A-5A1E3C098FC4}"
EndProject
Global
	GlobalSection(SolutionConfigurationPlatforms) = preSolution
		Debug|Any CPU = Debug|Any CPU
		Release|Any CPU = Release|Any CPU
	EndGlobalSection
	GlobalSection(ProjectConfigurationPlatforms) = postSolution
		{6B938485-B09B-499A-BE1A-5A1E3C098FC4}.Debug|Any CPU.ActiveCfg = Debug|Any CPU
		{6B938485-B09B-499A-BE1A-5A1E3C098FC4}.Debug|Any CPU.Build.0 = Debug|Any CPU
		{6B938485-B09B-499A-BE1A-5A1E3C098FC4}.Release|Any CPU.ActiveCfg = Release|Any CPU
		{6B938485-B09B-499A-BE1A-5A1E3C098FC4}.Release|Any CPU.Build.0 = Release|Any CPU
	EndGlobalSection
	GlobalSection(SolutionProperties) = preSolution
		HideSolutionNode = FALSE
	EndGlobalSection
	GlobalSection(ExtensibilityGlobals) = postSolution
		SolutionGuid = {2992B946-7CF2-47F2-88C3-4DBC979595E1}
	EndGlobalSection
EndGlobal
